
Microsoft Visual Studio Solution File, Format Version 12.00
# Visual Studio 15
VisualStudioVersion = 15.0.28307.489
MinimumVisualStudioVersion = 10.0.40219.1
Project("{FAE04EC0-301F-11D3-BF4B-00C04F79EFBC}") = "FileUpload", "FileUpload\FileUpload.csproj", "{3CE6A908-428A-4666-9DE5-36C8D22F219E}"
EndProject
Global
	GlobalSection(SolutionConfigurationPlatforms) = preSolution
		Debug|Any CPU = Debug|Any CPU
		Release|Any CPU = Release|Any CPU
	EndGlobalSection
	GlobalSection(ProjectConfigurationPlatforms) = postSolution
		{3CE6A908-428A-4666-9DE5-36C8D22F219E}.Debug|Any CPU.ActiveCfg = Debug|Any CPU
		{3CE6A908-428A-4666-9DE5-36C8D22F219E}.Debug|Any CPU.Build.0 = Debug|Any CPU
		{3CE6A908-428A-4666-9DE5-36C8D22F219E}.Debug|Any CPU.Deploy.0 = Debug|Any CPU
		{3CE6A908-428A-4666-9DE5-36C8D22F219E}.Release|Any CPU.ActiveCfg = Release|Any CPU
		{3CE6A908-428A-4666-9DE5-36C8D22F219E}.Release|Any CPU.Build.0 = Release|Any CPU
		{3CE6A908-428A-4666-9DE5-36C8D22F219E}.Release|Any CPU.Deploy.0 = Release|Any CPU
	EndGlobalSection
	GlobalSection(SolutionProperties) = preSolution
		HideSolutionNode = FALSE
	EndGlobalSection
	GlobalSection(ExtensibilityGlobals) = postSolution
		SolutionGuid = {47BD0B8F-5A87-40B6-8FD0-13FA770D5154}
	EndGlobalSection
EndGlobal
